
Microsoft Visual Studio Solution File, Format Version 12.00
# Visual Studio Version 16
VisualStudioVersion = 16.0.31624.102
MinimumVisualStudioVersion = 10.0.40219.1
Project("{FAE04EC0-301F-11D3-BF4B-00C04F79EFBC}") = "REDNA_BANK", "REDNA_BANK.csproj", "{5ACB4685-033D-4442-83D1-83FE2373BCF8}"
EndProject
Global
	GlobalSection(SolutionConfigurationPlatforms) = preSolution
		Debug|Any CPU = Debug|Any CPU
		Release|Any CPU = Release|Any CPU
	EndGlobalSection
	GlobalSection(ProjectConfigurationPlatforms) = postSolution
		{5ACB4685-033D-4442-83D1-83FE2373BCF8}.Debug|Any CPU.ActiveCfg = Debug|Any CPU
		{5ACB4685-033D-4442-83D1-83FE2373BCF8}.Debug|Any CPU.Build.0 = Debug|Any CPU
		{5ACB4685-033D-4442-83D1-83FE2373BCF8}.Release|Any CPU.ActiveCfg = Release|Any CPU
		{5ACB4685-033D-4442-83D1-83FE2373BCF8}.Release|Any CPU.Build.0 = Release|Any CPU
	EndGlobalSection
	GlobalSection(SolutionProperties) = preSolution
		HideSolutionNode = FALSE
	EndGlobalSection
	GlobalSection(ExtensibilityGlobals) = postSolution
		SolutionGuid = {C844A4DE-5367-478C-8A5F-A19CFC7A5991}
	EndGlobalSection
EndGlobal
